
Microsoft Visual Studio Solution File, Format Version 12.00
# Visual Studio 15
VisualStudioVersion = 15.0.28307.421
MinimumVisualStudioVersion = 10.0.40219.1
Project("{FAE04EC0-301F-11D3-BF4B-00C04F79EFBC}") = "KeyboardHook", "KeyboardHook\KeyboardHook.csproj", "{EBDFB945-2E0E-48F9-9B41-7FAE6E1364C0}"
EndProject
Project("{FAE04EC0-301F-11D3-BF4B-00C04F79EFBC}") = "鼠标按键切换虚拟桌面", "mouseAssist\鼠标按键切换虚拟桌面.csproj", "{AF96E010-CDDF-4A46-8A56-EAA3E1C94302}"
EndProject
Global
	GlobalSection(SolutionConfigurationPlatforms) = preSolution
		Debug|Any CPU = Debug|Any CPU
		Release|Any CPU = Release|Any CPU
	EndGlobalSection
	GlobalSection(ProjectConfigurationPlatforms) = postSolution
		{EBDFB945-2E0E-48F9-9B41-7FAE6E1364C0}.Debug|Any CPU.ActiveCfg = Debug|Any CPU
		{EBDFB945-2E0E-48F9-9B41-7FAE6E1364C0}.Debug|Any CPU.Build.0 = Debug|Any CPU
		{EBDFB945-2E0E-48F9-9B41-7FAE6E1364C0}.Release|Any CPU.ActiveCfg = Release|Any CPU
		{EBDFB945-2E0E-48F9-9B41-7FAE6E1364C0}.Release|Any CPU.Build.0 = Release|Any CPU
		{AF96E010-CDDF-4A46-8A56-EAA3E1C94302}.Debug|Any CPU.ActiveCfg = Debug|Any CPU
		{AF96E010-CDDF-4A46-8A56-EAA3E1C94302}.Debug|Any CPU.Build.0 = Debug|Any CPU
		{AF96E010-CDDF-4A46-8A56-EAA3E1C94302}.Release|Any CPU.ActiveCfg = Release|Any CPU
		{AF96E010-CDDF-4A46-8A56-EAA3E1C94302}.Release|Any CPU.Build.0 = Release|Any CPU
	EndGlobalSection
	GlobalSection(SolutionProperties) = preSolution
		HideSolutionNode = FALSE
	EndGlobalSection
	GlobalSection(ExtensibilityGlobals) = postSolution
		SolutionGuid = {040B2445-BB85-4014-8D1E-AC4E9D92AF4B}
	EndGlobalSection
EndGlobal
